
Microsoft Visual Studio Solution File, Format Version 12.00
# Visual Studio Version 17
VisualStudioVersion = 17.4.33103.184
MinimumVisualStudioVersion = 10.0.40219.1
Project("{FAE04EC0-301F-11D3-BF4B-00C04F79EFBC}") = "RedisMongoDemo", "RedisMongoDemo\RedisMongoDemo.csproj", "{BFF6CB77-FDAC-4951-9343-7601CC00C6E4}"
EndProject
Global
	GlobalSection(SolutionConfigurationPlatforms) = preSolution
		Debug|Any CPU = Debug|Any CPU
		Release|Any CPU = Release|Any CPU
	EndGlobalSection
	GlobalSection(ProjectConfigurationPlatforms) = postSolution
		{BFF6CB77-FDAC-4951-9343-7601CC00C6E4}.Debug|Any CPU.ActiveCfg = Debug|Any CPU
		{BFF6CB77-FDAC-4951-9343-7601CC00C6E4}.Debug|Any CPU.Build.0 = Debug|Any CPU
		{BFF6CB77-FDAC-4951-9343-7601CC00C6E4}.Release|Any CPU.ActiveCfg = Release|Any CPU
		{BFF6CB77-FDAC-4951-9343-7601CC00C6E4}.Release|Any CPU.Build.0 = Release|Any CPU
	EndGlobalSection
	GlobalSection(SolutionProperties) = preSolution
		HideSolutionNode = FALSE
	EndGlobalSection
	GlobalSection(ExtensibilityGlobals) = postSolution
		SolutionGuid = {46265DF5-9A82-4C22-A2C0-DC44CBF4FD64}
	EndGlobalSection
EndGlobal
